
Microsoft Visual Studio Solution File, Format Version 12.00
# Visual Studio Version 17
VisualStudioVersion = 17.11.35327.3
MinimumVisualStudioVersion = 10.0.40219.1
Project("{FAE04EC0-301F-11D3-BF4B-00C04F79EFBC}") = "CarroProperties", "CarroProperties.csproj", "{CBEF5ECC-BA22-4326-B392-35A1FDEAEB14}"
EndProject
Global
	GlobalSection(SolutionConfigurationPlatforms) = preSolution
		Debug|Any CPU = Debug|Any CPU
		Release|Any CPU = Release|Any CPU
	EndGlobalSection
	GlobalSection(ProjectConfigurationPlatforms) = postSolution
		{CBEF5ECC-BA22-4326-B392-35A1FDEAEB14}.Debug|Any CPU.ActiveCfg = Debug|Any CPU
		{CBEF5ECC-BA22-4326-B392-35A1FDEAEB14}.Debug|Any CPU.Build.0 = Debug|Any CPU
		{CBEF5ECC-BA22-4326-B392-35A1FDEAEB14}.Release|Any CPU.ActiveCfg = Release|Any CPU
		{CBEF5ECC-BA22-4326-B392-35A1FDEAEB14}.Release|Any CPU.Build.0 = Release|Any CPU
	EndGlobalSection
	GlobalSection(SolutionProperties) = preSolution
		HideSolutionNode = FALSE
	EndGlobalSection
	GlobalSection(ExtensibilityGlobals) = postSolution
		SolutionGuid = {49ADB068-A96A-4C7C-9405-72ED052523AB}
	EndGlobalSection
EndGlobal
